
Microsoft Visual Studio Solution File, Format Version 12.00
# Visual Studio Version 16
VisualStudioVersion = 16.0.30621.155
MinimumVisualStudioVersion = 10.0.40219.1
Project("{9A19103F-16F7-4668-BE54-9A1E7A4F7556}") = "ISP_Lab13", "ISP_Lab13.csproj", "{7814A2A0-E97A-4E04-A650-1B667CBD0D25}"
EndProject
Project("{FAE04EC0-301F-11D3-BF4B-00C04F79EFBC}") = "Lab13_Tests", "Lab13_Tests\Lab13_Tests.csproj", "{6445141C-E01A-4AEA-9EF0-FC083A139A41}"
EndProject
Global
	GlobalSection(SolutionConfigurationPlatforms) = preSolution
		Debug|Any CPU = Debug|Any CPU
		Release|Any CPU = Release|Any CPU
	EndGlobalSection
	GlobalSection(ProjectConfigurationPlatforms) = postSolution
		{7814A2A0-E97A-4E04-A650-1B667CBD0D25}.Debug|Any CPU.ActiveCfg = Debug|Any CPU
		{7814A2A0-E97A-4E04-A650-1B667CBD0D25}.Debug|Any CPU.Build.0 = Debug|Any CPU
		{7814A2A0-E97A-4E04-A650-1B667CBD0D25}.Release|Any CPU.ActiveCfg = Release|Any CPU
		{7814A2A0-E97A-4E04-A650-1B667CBD0D25}.Release|Any CPU.Build.0 = Release|Any CPU
		{6445141C-E01A-4AEA-9EF0-FC083A139A41}.Debug|Any CPU.ActiveCfg = Debug|Any CPU
		{6445141C-E01A-4AEA-9EF0-FC083A139A41}.Debug|Any CPU.Build.0 = Debug|Any CPU
		{6445141C-E01A-4AEA-9EF0-FC083A139A41}.Release|Any CPU.ActiveCfg = Release|Any CPU
		{6445141C-E01A-4AEA-9EF0-FC083A139A41}.Release|Any CPU.Build.0 = Release|Any CPU
	EndGlobalSection
	GlobalSection(SolutionProperties) = preSolution
		HideSolutionNode = FALSE
	EndGlobalSection
	GlobalSection(ExtensibilityGlobals) = postSolution
		SolutionGuid = {148FF3C3-8CAE-46FB-A9C4-BE20A99E253F}
	EndGlobalSection
EndGlobal
